// !$*UTF8*$!
{
	archiveVersion = 1;
	classes = {
	};
	objectVersion = 56;
	objects = {

/* Begin PBXBuildFile section */
		400936472C7DA1C600FC70EE /* CDApp.swift in Sources */ = {isa = PBXBuildFile; fileRef = 400936462C7DA1C600FC70EE /* CDApp.swift */; };
		400936492C7DA1C600FC70EE /* ContentView.swift in Sources */ = {isa = PBXBuildFile; fileRef = 400936482C7DA1C600FC70EE /* ContentView.swift */; };
		4009364B2C7DA1C700FC70EE /* Assets.xcassets in Resources */ = {isa = PBXBuildFile; fileRef = 4009364A2C7DA1C700FC70EE /* Assets.xcassets */; };
		4009364E2C7DA1C700FC70EE /* Preview Assets.xcassets in Resources */ = {isa = PBXBuildFile; fileRef = 4009364D2C7DA1C700FC70EE /* Preview Assets.xcassets */; };
		400936552C86998000FC70EE /* TextView.swift in Sources */ = {isa = PBXBuildFile; fileRef = 400936542C86998000FC70EE /* TextView.swift */; };
		400936652C869B6100FC70EE /* TextViewTests.swift in Sources */ = {isa = PBXBuildFile; fileRef = 400936562C869A8F00FC70EE /* TextViewTests.swift */; };
		4009367C2C86E5E700FC70EE /* SnapshotTests.swift in Sources */ = {isa = PBXBuildFile; fileRef = 4009367B2C86E5E700FC70EE /* SnapshotTests.swift */; };
		400936862C86E6EC00FC70EE /* SnapshotTesting in Frameworks */ = {isa = PBXBuildFile; productRef = 400936852C86E6EC00FC70EE /* SnapshotTesting */; };
/* End PBXBuildFile section */

/* Begin PBXContainerItemProxy section */
		400936602C869B5800FC70EE /* PBXContainerItemProxy */ = {
			isa = PBXContainerItemProxy;
			containerPortal = 4009363B2C7DA1C600FC70EE /* Project object */;
			proxyType = 1;
			remoteGlobalIDString = 400936422C7DA1C600FC70EE;
			remoteInfo = CD;
		};
		4009367D2C86E5E700FC70EE /* PBXContainerItemProxy */ = {
			isa = PBXContainerItemProxy;
			containerPortal = 4009363B2C7DA1C600FC70EE /* Project object */;
			proxyType = 1;
			remoteGlobalIDString = 400936422C7DA1C600FC70EE;
			remoteInfo = CD;
		};
/* End PBXContainerItemProxy section */

/* Begin PBXFileReference section */
		400936432C7DA1C600FC70EE /* CD.app */ = {isa = PBXFileReference; explicitFileType = wrapper.application; includeInIndex = 0; path = CD.app; sourceTree = BUILT_PRODUCTS_DIR; };
		400936462C7DA1C600FC70EE /* CDApp.swift */ = {isa = PBXFileReference; lastKnownFileType = sourcecode.swift; path = CDApp.swift; sourceTree = "<group>"; };
		400936482C7DA1C600FC70EE /* ContentView.swift */ = {isa = PBXFileReference; lastKnownFileType = sourcecode.swift; path = ContentView.swift; sourceTree = "<group>"; };
		4009364A2C7DA1C700FC70EE /* Assets.xcassets */ = {isa = PBXFileReference; lastKnownFileType = folder.assetcatalog; path = Assets.xcassets; sourceTree = "<group>"; };
		4009364D2C7DA1C700FC70EE /* Preview Assets.xcassets */ = {isa = PBXFileReference; lastKnownFileType = folder.assetcatalog; path = "Preview Assets.xcassets"; sourceTree = "<group>"; };
		400936542C86998000FC70EE /* TextView.swift */ = {isa = PBXFileReference; lastKnownFileType = sourcecode.swift; path = TextView.swift; sourceTree = "<group>"; };
		400936562C869A8F00FC70EE /* TextViewTests.swift */ = {isa = PBXFileReference; lastKnownFileType = sourcecode.swift; path = TextViewTests.swift; sourceTree = "<group>"; };
		4009365C2C869B5800FC70EE /* CDTests.xctest */ = {isa = PBXFileReference; explicitFileType = wrapper.cfbundle; includeInIndex = 0; path = CDTests.xctest; sourceTree = BUILT_PRODUCTS_DIR; };
		400936792C86E5E700FC70EE /* SnapshotTests.xctest */ = {isa = PBXFileReference; explicitFileType = wrapper.cfbundle; includeInIndex = 0; path = SnapshotTests.xctest; sourceTree = BUILT_PRODUCTS_DIR; };
		4009367B2C86E5E700FC70EE /* SnapshotTests.swift */ = {isa = PBXFileReference; lastKnownFileType = sourcecode.swift; path = SnapshotTests.swift; sourceTree = "<group>"; };
/* End PBXFileReference section */

/* Begin PBXFrameworksBuildPhase section */
		400936402C7DA1C600FC70EE /* Frameworks */ = {
			isa = PBXFrameworksBuildPhase;
			buildActionMask = 2147483647;
			files = (
			);
			runOnlyForDeploymentPostprocessing = 0;
		};
		400936592C869B5800FC70EE /* Frameworks */ = {
			isa = PBXFrameworksBuildPhase;
			buildActionMask = 2147483647;
			files = (
			);
			runOnlyForDeploymentPostprocessing = 0;
		};
		400936762C86E5E700FC70EE /* Frameworks */ = {
			isa = PBXFrameworksBuildPhase;
			buildActionMask = 2147483647;
			files = (
				400936862C86E6EC00FC70EE /* SnapshotTesting in Frameworks */,
			);
			runOnlyForDeploymentPostprocessing = 0;
		};
/* End PBXFrameworksBuildPhase section */

/* Begin PBXGroup section */
		4009363A2C7DA1C600FC70EE = {
			isa = PBXGroup;
			children = (
				400936452C7DA1C600FC70EE /* CD */,
				4009365D2C869B5800FC70EE /* CDTests */,
				4009367A2C86E5E700FC70EE /* SnapshotTests */,
				400936442C7DA1C600FC70EE /* Products */,
			);
			sourceTree = "<group>";
		};
		400936442C7DA1C600FC70EE /* Products */ = {
			isa = PBXGroup;
			children = (
				400936432C7DA1C600FC70EE /* CD.app */,
				4009365C2C869B5800FC70EE /* CDTests.xctest */,
				400936792C86E5E700FC70EE /* SnapshotTests.xctest */,
			);
			name = Products;
			sourceTree = "<group>";
		};
		400936452C7DA1C600FC70EE /* CD */ = {
			isa = PBXGroup;
			children = (
				400936462C7DA1C600FC70EE /* CDApp.swift */,
				400936482C7DA1C600FC70EE /* ContentView.swift */,
				4009364A2C7DA1C700FC70EE /* Assets.xcassets */,
				4009364C2C7DA1C700FC70EE /* Preview Content */,
				400936542C86998000FC70EE /* TextView.swift */,
			);
			path = CD;
			sourceTree = "<group>";
		};
		4009364C2C7DA1C700FC70EE /* Preview Content */ = {
			isa = PBXGroup;
			children = (
				4009364D2C7DA1C700FC70EE /* Preview Assets.xcassets */,
			);
			path = "Preview Content";
			sourceTree = "<group>";
		};
		4009365D2C869B5800FC70EE /* CDTests */ = {
			isa = PBXGroup;
			children = (
				400936562C869A8F00FC70EE /* TextViewTests.swift */,
			);
			path = CDTests;
			sourceTree = "<group>";
		};
		4009367A2C86E5E700FC70EE /* SnapshotTests */ = {
			isa = PBXGroup;
			children = (
				4009367B2C86E5E700FC70EE /* SnapshotTests.swift */,
			);
			path = SnapshotTests;
			sourceTree = "<group>";
		};
/* End PBXGroup section */

/* Begin PBXNativeTarget section */
		400936422C7DA1C600FC70EE /* CD */ = {
			isa = PBXNativeTarget;
			buildConfigurationList = 400936512C7DA1C700FC70EE /* Build configuration list for PBXNativeTarget "CD" */;
			buildPhases = (
				4009363F2C7DA1C600FC70EE /* Sources */,
				400936402C7DA1C600FC70EE /* Frameworks */,
				400936412C7DA1C600FC70EE /* Resources */,
			);
			buildRules = (
			);
			dependencies = (
			);
			name = CD;
			productName = CD;
			productReference = 400936432C7DA1C600FC70EE /* CD.app */;
			productType = "com.apple.product-type.application";
		};
		4009365B2C869B5800FC70EE /* CDTests */ = {
			isa = PBXNativeTarget;
			buildConfigurationList = 400936622C869B5800FC70EE /* Build configuration list for PBXNativeTarget "CDTests" */;
			buildPhases = (
				400936582C869B5800FC70EE /* Sources */,
				400936592C869B5800FC70EE /* Frameworks */,
				4009365A2C869B5800FC70EE /* Resources */,
			);
			buildRules = (
			);
			dependencies = (
				400936612C869B5800FC70EE /* PBXTargetDependency */,
			);
			name = CDTests;
			productName = CDTests;
			productReference = 4009365C2C869B5800FC70EE /* CDTests.xctest */;
			productType = "com.apple.product-type.bundle.unit-test";
		};
		400936782C86E5E700FC70EE /* SnapshotTests */ = {
			isa = PBXNativeTarget;
			buildConfigurationList = 4009367F2C86E5E700FC70EE /* Build configuration list for PBXNativeTarget "SnapshotTests" */;
			buildPhases = (
				400936752C86E5E700FC70EE /* Sources */,
				400936762C86E5E700FC70EE /* Frameworks */,
				400936772C86E5E700FC70EE /* Resources */,
			);
			buildRules = (
			);
			dependencies = (
				4009367E2C86E5E700FC70EE /* PBXTargetDependency */,
			);
			name = SnapshotTests;
			packageProductDependencies = (
				400936852C86E6EC00FC70EE /* SnapshotTesting */,
			);
			productName = SnapshotTests;
			productReference = 400936792C86E5E700FC70EE /* SnapshotTests.xctest */;
			productType = "com.apple.product-type.bundle.unit-test";
		};
/* End PBXNativeTarget section */

/* Begin PBXProject section */
		4009363B2C7DA1C600FC70EE /* Project object */ = {
			isa = PBXProject;
			attributes = {
				BuildIndependentTargetsInParallel = 1;
				LastSwiftUpdateCheck = 1540;
				LastUpgradeCheck = 1540;
				TargetAttributes = {
					400936422C7DA1C600FC70EE = {
						CreatedOnToolsVersion = 15.4;
					};
					4009365B2C869B5800FC70EE = {
						CreatedOnToolsVersion = 15.4;
						TestTargetID = 400936422C7DA1C600FC70EE;
					};
					400936782C86E5E700FC70EE = {
						CreatedOnToolsVersion = 15.4;
						TestTargetID = 400936422C7DA1C600FC70EE;
					};
				};
			};
			buildConfigurationList = 4009363E2C7DA1C600FC70EE /* Build configuration list for PBXProject "CD" */;
			compatibilityVersion = "Xcode 14.0";
			developmentRegion = en;
			hasScannedForEncodings = 0;
			knownRegions = (
				en,
				Base,
			);
			mainGroup = 4009363A2C7DA1C600FC70EE;
			packageReferences = (
				400936822C86E6EC00FC70EE /* XCRemoteSwiftPackageReference "swift-snapshot-testing" */,
			);
			productRefGroup = 400936442C7DA1C600FC70EE /* Products */;
			projectDirPath = "";
			projectRoot = "";
			targets = (
				400936422C7DA1C600FC70EE /* CD */,
				4009365B2C869B5800FC70EE /* CDTests */,
				400936782C86E5E700FC70EE /* SnapshotTests */,
			);
		};
/* End PBXProject section */

/* Begin PBXResourcesBuildPhase section */
		400936412C7DA1C600FC70EE /* Resources */ = {
			isa = PBXResourcesBuildPhase;
			buildActionMask = 2147483647;
			files = (
				4009364E2C7DA1C700FC70EE /* Preview Assets.xcassets in Resources */,
				4009364B2C7DA1C700FC70EE /* Assets.xcassets in Resources */,
			);
			runOnlyForDeploymentPostprocessing = 0;
		};
		4009365A2C869B5800FC70EE /* Resources */ = {
			isa = PBXResourcesBuildPhase;
			buildActionMask = 2147483647;
			files = (
			);
			runOnlyForDeploymentPostprocessing = 0;
		};
		400936772C86E5E700FC70EE /* Resources */ = {
			isa = PBXResourcesBuildPhase;
			buildActionMask = 2147483647;
			files = (
			);
			runOnlyForDeploymentPostprocessing = 0;
		};
/* End PBXResourcesBuildPhase section */

/* Begin PBXSourcesBuildPhase section */
		4009363F2C7DA1C600FC70EE /* Sources */ = {
			isa = PBXSourcesBuildPhase;
			buildActionMask = 2147483647;
			files = (
				400936552C86998000FC70EE /* TextView.swift in Sources */,
				400936492C7DA1C600FC70EE /* ContentView.swift in Sources */,
				400936472C7DA1C600FC70EE /* CDApp.swift in Sources */,
			);
			runOnlyForDeploymentPostprocessing = 0;
		};
		400936582C869B5800FC70EE /* Sources */ = {
			isa = PBXSourcesBuildPhase;
			buildActionMask = 2147483647;
			files = (
				400936652C869B6100FC70EE /* TextViewTests.swift in Sources */,
			);
			runOnlyForDeploymentPostprocessing = 0;
		};
		400936752C86E5E700FC70EE /* Sources */ = {
			isa = PBXSourcesBuildPhase;
			buildActionMask = 2147483647;
			files = (
				4009367C2C86E5E700FC70EE /* SnapshotTests.swift in Sources */,
			);
			runOnlyForDeploymentPostprocessing = 0;
		};
/* End PBXSourcesBuildPhase section */

/* Begin PBXTargetDependency section */
		400936612C869B5800FC70EE /* PBXTargetDependency */ = {
			isa = PBXTargetDependency;
			target = 400936422C7DA1C600FC70EE /* CD */;
			targetProxy = 400936602C869B5800FC70EE /* PBXContainerItemProxy */;
		};
		4009367E2C86E5E700FC70EE /* PBXTargetDependency */ = {
			isa = PBXTargetDependency;
			target = 400936422C7DA1C600FC70EE /* CD */;
			targetProxy = 4009367D2C86E5E700FC70EE /* PBXContainerItemProxy */;
		};
/* End PBXTargetDependency section */

/* Begin XCBuildConfiguration section */
		4009364F2C7DA1C700FC70EE /* Debug */ = {
			isa = XCBuildConfiguration;
			buildSettings = {
				ALWAYS_SEARCH_USER_PATHS = NO;
				ASSETCATALOG_COMPILER_GENERATE_SWIFT_ASSET_SYMBOL_EXTENSIONS = YES;
				CLANG_ANALYZER_NONNULL = YES;
				CLANG_ANALYZER_NUMBER_OBJECT_CONVERSION = YES_AGGRESSIVE;
				CLANG_CXX_LANGUAGE_STANDARD = "gnu++20";
				CLANG_ENABLE_MODULES = YES;
				CLANG_ENABLE_OBJC_ARC = YES;
				CLANG_ENABLE_OBJC_WEAK = YES;
				CLANG_WARN_BLOCK_CAPTURE_AUTORELEASING = YES;
				CLANG_WARN_BOOL_CONVERSION = YES;
				CLANG_WARN_COMMA = YES;
				CLANG_WARN_CONSTANT_CONVERSION = YES;
				CLANG_WARN_DEPRECATED_OBJC_IMPLEMENTATIONS = YES;
				CLANG_WARN_DIRECT_OBJC_ISA_USAGE = YES_ERROR;
				CLANG_WARN_DOCUMENTATION_COMMENTS = YES;
				CLANG_WARN_EMPTY_BODY = YES;
				CLANG_WARN_ENUM_CONVERSION = YES;
				CLANG_WARN_INFINITE_RECURSION = YES;
				CLANG_WARN_INT_CONVERSION = YES;
				CLANG_WARN_NON_LITERAL_NULL_CONVERSION = YES;
				CLANG_WARN_OBJC_IMPLICIT_RETAIN_SELF = YES;
				CLANG_WARN_OBJC_LITERAL_CONVERSION = YES;
				CLANG_WARN_OBJC_ROOT_CLASS = YES_ERROR;
				CLANG_WARN_QUOTED_INCLUDE_IN_FRAMEWORK_HEADER = YES;
				CLANG_WARN_RANGE_LOOP_ANALYSIS = YES;
				CLANG_WARN_STRICT_PROTOTYPES = YES;
				CLANG_WARN_SUSPICIOUS_MOVE = YES;
				CLANG_WARN_UNGUARDED_AVAILABILITY = YES_AGGRESSIVE;
				CLANG_WARN_UNREACHABLE_CODE = YES;
				CLANG_WARN__DUPLICATE_METHOD_MATCH = YES;
				COPY_PHASE_STRIP = NO;
				DEBUG_INFORMATION_FORMAT = dwarf;
				ENABLE_STRICT_OBJC_MSGSEND = YES;
				ENABLE_TESTABILITY = YES;
				ENABLE_USER_SCRIPT_SANDBOXING = YES;
				GCC_C_LANGUAGE_STANDARD = gnu17;
				GCC_DYNAMIC_NO_PIC = NO;
				GCC_NO_COMMON_BLOCKS = YES;
				GCC_OPTIMIZATION_LEVEL = 0;
				GCC_PREPROCESSOR_DEFINITIONS = (
					"DEBUG=1",
					"$(inherited)",
				);
				GCC_WARN_64_TO_32_BIT_CONVERSION = YES;
				GCC_WARN_ABOUT_RETURN_TYPE = YES_ERROR;
				GCC_WARN_UNDECLARED_SELECTOR = YES;
				GCC_WARN_UNINITIALIZED_AUTOS = YES_AGGRESSIVE;
				GCC_WARN_UNUSED_FUNCTION = YES;
				GCC_WARN_UNUSED_VARIABLE = YES;
				IPHONEOS_DEPLOYMENT_TARGET = 17.5;
				LOCALIZATION_PREFERS_STRING_CATALOGS = YES;
				MTL_ENABLE_DEBUG_INFO = INCLUDE_SOURCE;
				MTL_FAST_MATH = YES;
				ONLY_ACTIVE_ARCH = YES;
				SDKROOT = iphoneos;
				SWIFT_ACTIVE_COMPILATION_CONDITIONS = "DEBUG $(inherited)";
				SWIFT_OPTIMIZATION_LEVEL = "-Onone";
			};
			name = Debug;
		};
		400936502C7DA1C700FC70EE /* Release */ = {
			isa = XCBuildConfiguration;
			buildSettings = {
				ALWAYS_SEARCH_USER_PATHS = NO;
				ASSETCATALOG_COMPILER_GENERATE_SWIFT_ASSET_SYMBOL_EXTENSIONS = YES;
				CLANG_ANALYZER_NONNULL = YES;
				CLANG_ANALYZER_NUMBER_OBJECT_CONVERSION = YES_AGGRESSIVE;
				CLANG_CXX_LANGUAGE_STANDARD = "gnu++20";
				CLANG_ENABLE_MODULES = YES;
				CLANG_ENABLE_OBJC_ARC = YES;
				CLANG_ENABLE_OBJC_WEAK = YES;
				CLANG_WARN_BLOCK_CAPTURE_AUTORELEASING = YES;
				CLANG_WARN_BOOL_CONVERSION = YES;
				CLANG_WARN_COMMA = YES;
				CLANG_WARN_CONSTANT_CONVERSION = YES;
				CLANG_WARN_DEPRECATED_OBJC_IMPLEMENTATIONS = YES;
				CLANG_WARN_DIRECT_OBJC_ISA_USAGE = YES_ERROR;
				CLANG_WARN_DOCUMENTATION_COMMENTS = YES;
				CLANG_WARN_EMPTY_BODY = YES;
				CLANG_WARN_ENUM_CONVERSION = YES;
				CLANG_WARN_INFINITE_RECURSION = YES;
				CLANG_WARN_INT_CONVERSION = YES;
				CLANG_WARN_NON_LITERAL_NULL_CONVERSION = YES;
				CLANG_WARN_OBJC_IMPLICIT_RETAIN_SELF = YES;
				CLANG_WARN_OBJC_LITERAL_CONVERSION = YES;
				CLANG_WARN_OBJC_ROOT_CLASS = YES_ERROR;
				CLANG_WARN_QUOTED_INCLUDE_IN_FRAMEWORK_HEADER = YES;
				CLANG_WARN_RANGE_LOOP_ANALYSIS = YES;
				CLANG_WARN_STRICT_PROTOTYPES = YES;
				CLANG_WARN_SUSPICIOUS_MOVE = YES;
				CLANG_WARN_UNGUARDED_AVAILABILITY = YES_AGGRESSIVE;
				CLANG_WARN_UNREACHABLE_CODE = YES;
				CLANG_WARN__DUPLICATE_METHOD_MATCH = YES;
				COPY_PHASE_STRIP = NO;
				DEBUG_INFORMATION_FORMAT = "dwarf-with-dsym";
				ENABLE_NS_ASSERTIONS = NO;
				ENABLE_STRICT_OBJC_MSGSEND = YES;
				ENABLE_USER_SCRIPT_SANDBOXING = YES;
				GCC_C_LANGUAGE_STANDARD = gnu17;
				GCC_NO_COMMON_BLOCKS = YES;
				GCC_WARN_64_TO_32_BIT_CONVERSION = YES;
				GCC_WARN_ABOUT_RETURN_TYPE = YES_ERROR;
				GCC_WARN_UNDECLARED_SELECTOR = YES;
				GCC_WARN_UNINITIALIZED_AUTOS = YES_AGGRESSIVE;
				GCC_WARN_UNUSED_FUNCTION = YES;
				GCC_WARN_UNUSED_VARIABLE = YES;
				IPHONEOS_DEPLOYMENT_TARGET = 17.5;
				LOCALIZATION_PREFERS_STRING_CATALOGS = YES;
				MTL_ENABLE_DEBUG_INFO = NO;
				MTL_FAST_MATH = YES;
				SDKROOT = iphoneos;
				SWIFT_COMPILATION_MODE = wholemodule;
				VALIDATE_PRODUCT = YES;
			};
			name = Release;
		};
		400936522C7DA1C700FC70EE /* Debug */ = {
			isa = XCBuildConfiguration;
			buildSettings = {
				ASSETCATALOG_COMPILER_APPICON_NAME = AppIcon;
				ASSETCATALOG_COMPILER_GLOBAL_ACCENT_COLOR_NAME = AccentColor;
				CODE_SIGN_STYLE = Automatic;
				CURRENT_PROJECT_VERSION = 1;
				DEVELOPMENT_ASSET_PATHS = "\"CD/Preview Content\"";
				ENABLE_PREVIEWS = YES;
				GENERATE_INFOPLIST_FILE = YES;
				INFOPLIST_KEY_UIApplicationSceneManifest_Generation = YES;
				INFOPLIST_KEY_UIApplicationSupportsIndirectInputEvents = YES;
				INFOPLIST_KEY_UILaunchScreen_Generation = YES;
				INFOPLIST_KEY_UISupportedInterfaceOrientations_iPad = "UIInterfaceOrientationPortrait UIInterfaceOrientationPortraitUpsideDown UIInterfaceOrientationLandscapeLeft UIInterfaceOrientationLandscapeRight";
				INFOPLIST_KEY_UISupportedInterfaceOrientations_iPhone = "UIInterfaceOrientationPortrait UIInterfaceOrientationLandscapeLeft UIInterfaceOrientationLandscapeRight";
				LD_RUNPATH_SEARCH_PATHS = (
					"$(inherited)",
					"@executable_path/Frameworks",
				);
				MARKETING_VERSION = 1.0;
				PRODUCT_BUNDLE_IDENTIFIER = com.paulinaGrabowska.testCiCd.CD;
				PRODUCT_NAME = "$(TARGET_NAME)";
				SWIFT_EMIT_LOC_STRINGS = YES;
				SWIFT_VERSION = 5.0;
				TARGETED_DEVICE_FAMILY = "1,2";
			};
			name = Debug;
		};
		400936532C7DA1C700FC70EE /* Release */ = {
			isa = XCBuildConfiguration;
			buildSettings = {
				ASSETCATALOG_COMPILER_APPICON_NAME = AppIcon;
				ASSETCATALOG_COMPILER_GLOBAL_ACCENT_COLOR_NAME = AccentColor;
				CODE_SIGN_STYLE = Automatic;
				CURRENT_PROJECT_VERSION = 1;
				DEVELOPMENT_ASSET_PATHS = "\"CD/Preview Content\"";
				ENABLE_PREVIEWS = YES;
				GENERATE_INFOPLIST_FILE = YES;
				INFOPLIST_KEY_UIApplicationSceneManifest_Generation = YES;
				INFOPLIST_KEY_UIApplicationSupportsIndirectInputEvents = YES;
				INFOPLIST_KEY_UILaunchScreen_Generation = YES;
				INFOPLIST_KEY_UISupportedInterfaceOrientations_iPad = "UIInterfaceOrientationPortrait UIInterfaceOrientationPortraitUpsideDown UIInterfaceOrientationLandscapeLeft UIInterfaceOrientationLandscapeRight";
				INFOPLIST_KEY_UISupportedInterfaceOrientations_iPhone = "UIInterfaceOrientationPortrait UIInterfaceOrientationLandscapeLeft UIInterfaceOrientationLandscapeRight";
				LD_RUNPATH_SEARCH_PATHS = (
					"$(inherited)",
					"@executable_path/Frameworks",
				);
				MARKETING_VERSION = 1.0;
				PRODUCT_BUNDLE_IDENTIFIER = com.paulinaGrabowska.testCiCd.CD;
				PRODUCT_NAME = "$(TARGET_NAME)";
				SWIFT_EMIT_LOC_STRINGS = YES;
				SWIFT_VERSION = 5.0;
				TARGETED_DEVICE_FAMILY = "1,2";
			};
			name = Release;
		};
		400936632C869B5800FC70EE /* Debug */ = {
			isa = XCBuildConfiguration;
			buildSettings = {
				BUNDLE_LOADER = "$(TEST_HOST)";
				CODE_SIGN_STYLE = Automatic;
				CURRENT_PROJECT_VERSION = 1;
				GENERATE_INFOPLIST_FILE = YES;
				MARKETING_VERSION = 1.0;
				PRODUCT_BUNDLE_IDENTIFIER = com.paulinaGrabowska.testCiCd.CDTests;
				PRODUCT_NAME = "$(TARGET_NAME)";
				SWIFT_EMIT_LOC_STRINGS = NO;
				SWIFT_VERSION = 5.0;
				TARGETED_DEVICE_FAMILY = "1,2";
				TEST_HOST = "$(BUILT_PRODUCTS_DIR)/CD.app/$(BUNDLE_EXECUTABLE_FOLDER_PATH)/CD";
			};
			name = Debug;
		};
		400936642C869B5800FC70EE /* Release */ = {
			isa = XCBuildConfiguration;
			buildSettings = {
				BUNDLE_LOADER = "$(TEST_HOST)";
				CODE_SIGN_STYLE = Automatic;
				CURRENT_PROJECT_VERSION = 1;
				GENERATE_INFOPLIST_FILE = YES;
				MARKETING_VERSION = 1.0;
				PRODUCT_BUNDLE_IDENTIFIER = com.paulinaGrabowska.testCiCd.CDTests;
				PRODUCT_NAME = "$(TARGET_NAME)";
				SWIFT_EMIT_LOC_STRINGS = NO;
				SWIFT_VERSION = 5.0;
				TARGETED_DEVICE_FAMILY = "1,2";
				TEST_HOST = "$(BUILT_PRODUCTS_DIR)/CD.app/$(BUNDLE_EXECUTABLE_FOLDER_PATH)/CD";
			};
			name = Release;
		};
		400936802C86E5E700FC70EE /* Debug */ = {
			isa = XCBuildConfiguration;
			buildSettings = {
				BUNDLE_LOADER = "$(TEST_HOST)";
				CODE_SIGN_STYLE = Automatic;
				CURRENT_PROJECT_VERSION = 1;
				GENERATE_INFOPLIST_FILE = YES;
				MARKETING_VERSION = 1.0;
				PRODUCT_BUNDLE_IDENTIFIER = com.paulinaGrabowska.testCiCd.SnapshotTests;
				PRODUCT_NAME = "$(TARGET_NAME)";
				SWIFT_EMIT_LOC_STRINGS = NO;
				SWIFT_VERSION = 5.0;
				TARGETED_DEVICE_FAMILY = "1,2";
				TEST_HOST = "$(BUILT_PRODUCTS_DIR)/CD.app/$(BUNDLE_EXECUTABLE_FOLDER_PATH)/CD";
			};
			name = Debug;
		};
		400936812C86E5E700FC70EE /* Release */ = {
			isa = XCBuildConfiguration;
			buildSettings = {
				BUNDLE_LOADER = "$(TEST_HOST)";
				CODE_SIGN_STYLE = Automatic;
				CURRENT_PROJECT_VERSION = 1;
				GENERATE_INFOPLIST_FILE = YES;
				MARKETING_VERSION = 1.0;
				PRODUCT_BUNDLE_IDENTIFIER = com.paulinaGrabowska.testCiCd.SnapshotTests;
				PRODUCT_NAME = "$(TARGET_NAME)";
				SWIFT_EMIT_LOC_STRINGS = NO;
				SWIFT_VERSION = 5.0;
				TARGETED_DEVICE_FAMILY = "1,2";
				TEST_HOST = "$(BUILT_PRODUCTS_DIR)/CD.app/$(BUNDLE_EXECUTABLE_FOLDER_PATH)/CD";
			};
			name = Release;
		};
/* End XCBuildConfiguration section */

/* Begin XCConfigurationList section */
		4009363E2C7DA1C600FC70EE /* Build configuration list for PBXProject "CD" */ = {
			isa = XCConfigurationList;
			buildConfigurations = (
				4009364F2C7DA1C700FC70EE /* Debug */,
				400936502C7DA1C700FC70EE /* Release */,
			);
			defaultConfigurationIsVisible = 0;
			defaultConfigurationName = Release;
		};
		400936512C7DA1C700FC70EE /* Build configuration list for PBXNativeTarget "CD" */ = {
			isa = XCConfigurationList;
			buildConfigurations = (
				400936522C7DA1C700FC70EE /* Debug */,
				400936532C7DA1C700FC70EE /* Release */,
			);
			defaultConfigurationIsVisible = 0;
			defaultConfigurationName = Release;
		};
		400936622C869B5800FC70EE /* Build configuration list for PBXNativeTarget "CDTests" */ = {
			isa = XCConfigurationList;
			buildConfigurations = (
				400936632C869B5800FC70EE /* Debug */,
				400936642C869B5800FC70EE /* Release */,
			);
			defaultConfigurationIsVisible = 0;
			defaultConfigurationName = Release;
		};
		4009367F2C86E5E700FC70EE /* Build configuration list for PBXNativeTarget "SnapshotTests" */ = {
			isa = XCConfigurationList;
			buildConfigurations = (
				400936802C86E5E700FC70EE /* Debug */,
				400936812C86E5E700FC70EE /* Release */,
			);
			defaultConfigurationIsVisible = 0;
			defaultConfigurationName = Release;
		};
/* End XCConfigurationList section */

/* Begin XCRemoteSwiftPackageReference section */
		400936822C86E6EC00FC70EE /* XCRemoteSwiftPackageReference "swift-snapshot-testing" */ = {
			isa = XCRemoteSwiftPackageReference;
			repositoryURL = "https://github.com/pointfreeco/swift-snapshot-testing";
			requirement = {
				kind = upToNextMajorVersion;
				minimumVersion = 1.17.4;
			};
		};
/* End XCRemoteSwiftPackageReference section */

/* Begin XCSwiftPackageProductDependency section */
		400936852C86E6EC00FC70EE /* SnapshotTesting */ = {
			isa = XCSwiftPackageProductDependency;
			package = 400936822C86E6EC00FC70EE /* XCRemoteSwiftPackageReference "swift-snapshot-testing" */;
			productName = SnapshotTesting;
		};
/* End XCSwiftPackageProductDependency section */
	};
	rootObject = 4009363B2C7DA1C600FC70EE /* Project object */;
}
